
Microsoft Visual Studio Solution File, Format Version 12.00
# Visual Studio Version 17
VisualStudioVersion = 17.14.36301.6
MinimumVisualStudioVersion = 10.0.40219.1
Project("{FAE04EC0-301F-11D3-BF4B-00C04F79EFBC}") = "AdventOfCode", "AOC\AdventOfCode.csproj", "{B26D27D4-00F5-4915-AAC5-C361D6C69F2E}"
EndProject
Project("{FAE04EC0-301F-11D3-BF4B-00C04F79EFBC}") = "TermGlass", "TermGlass\TermGlass.csproj", "{17038C1D-5E43-8E75-A4E3-EABFBD288D60}"
EndProject
Project("{FAE04EC0-301F-11D3-BF4B-00C04F79EFBC}") = "AoC.Core", "AoC.Core\AoC.Core.csproj", "{5D426887-6EE7-49D7-B7EC-59B226599197}"
EndProject
Global
	GlobalSection(SolutionConfigurationPlatforms) = preSolution
		Debug|Any CPU = Debug|Any CPU
		Release|Any CPU = Release|Any CPU
	EndGlobalSection
	GlobalSection(ProjectConfigurationPlatforms) = postSolution
		{B26D27D4-00F5-4915-AAC5-C361D6C69F2E}.Debug|Any CPU.ActiveCfg = Debug|Any CPU
		{B26D27D4-00F5-4915-AAC5-C361D6C69F2E}.Debug|Any CPU.Build.0 = Debug|Any CPU
		{B26D27D4-00F5-4915-AAC5-C361D6C69F2E}.Release|Any CPU.ActiveCfg = Release|Any CPU
		{B26D27D4-00F5-4915-AAC5-C361D6C69F2E}.Release|Any CPU.Build.0 = Release|Any CPU
		{17038C1D-5E43-8E75-A4E3-EABFBD288D60}.Debug|Any CPU.ActiveCfg = Debug|Any CPU
		{17038C1D-5E43-8E75-A4E3-EABFBD288D60}.Debug|Any CPU.Build.0 = Debug|Any CPU
		{17038C1D-5E43-8E75-A4E3-EABFBD288D60}.Release|Any CPU.ActiveCfg = Release|Any CPU
		{17038C1D-5E43-8E75-A4E3-EABFBD288D60}.Release|Any CPU.Build.0 = Release|Any CPU
		{5D426887-6EE7-49D7-B7EC-59B226599197}.Debug|Any CPU.ActiveCfg = Debug|Any CPU
		{5D426887-6EE7-49D7-B7EC-59B226599197}.Debug|Any CPU.Build.0 = Debug|Any CPU
		{5D426887-6EE7-49D7-B7EC-59B226599197}.Release|Any CPU.ActiveCfg = Release|Any CPU
		{5D426887-6EE7-49D7-B7EC-59B226599197}.Release|Any CPU.Build.0 = Release|Any CPU
	EndGlobalSection
	GlobalSection(SolutionProperties) = preSolution
		HideSolutionNode = FALSE
	EndGlobalSection
	GlobalSection(ExtensibilityGlobals) = postSolution
		SolutionGuid = {911F81F9-E717-4EAA-B97F-E6F303EB2396}
	EndGlobalSection
EndGlobal
